
Microsoft Visual Studio Solution File, Format Version 12.00
# Visual Studio Version 17
VisualStudioVersion = 17.14.36623.8 d17.14
MinimumVisualStudioVersion = 10.0.40219.1
Project("{FAE04EC0-301F-11D3-BF4B-00C04F79EFBC}") = "Aunberean.Loader", "Aunberean\Aunberean.Loader\Aunberean.Loader.csproj", "{AD5C3ABC-DE8E-4424-B87F-4D9CC5664375}"
EndProject
Project("{FAE04EC0-301F-11D3-BF4B-00C04F79EFBC}") = "Aunberean", "Aunberean\Aunberean\Aunberean.csproj", "{B36B9980-6CF8-4EA9-B324-EB161B301E49}"
EndProject
Global
	GlobalSection(SolutionConfigurationPlatforms) = preSolution
		Debug|Any CPU = Debug|Any CPU
		Release|Any CPU = Release|Any CPU
	EndGlobalSection
	GlobalSection(ProjectConfigurationPlatforms) = postSolution
		{AD5C3ABC-DE8E-4424-B87F-4D9CC5664375}.Debug|Any CPU.ActiveCfg = Debug|Any CPU
		{AD5C3ABC-DE8E-4424-B87F-4D9CC5664375}.Debug|Any CPU.Build.0 = Debug|Any CPU
		{AD5C3ABC-DE8E-4424-B87F-4D9CC5664375}.Release|Any CPU.ActiveCfg = Release|Any CPU
		{AD5C3ABC-DE8E-4424-B87F-4D9CC5664375}.Release|Any CPU.Build.0 = Release|Any CPU
		{B36B9980-6CF8-4EA9-B324-EB161B301E49}.Debug|Any CPU.ActiveCfg = Debug|Any CPU
		{B36B9980-6CF8-4EA9-B324-EB161B301E49}.Debug|Any CPU.Build.0 = Debug|Any CPU
		{B36B9980-6CF8-4EA9-B324-EB161B301E49}.Release|Any CPU.ActiveCfg = Release|Any CPU
		{B36B9980-6CF8-4EA9-B324-EB161B301E49}.Release|Any CPU.Build.0 = Release|Any CPU
	EndGlobalSection
	GlobalSection(SolutionProperties) = preSolution
		HideSolutionNode = FALSE
	EndGlobalSection
	GlobalSection(ExtensibilityGlobals) = postSolution
		SolutionGuid = {6FE1E1ED-CEF2-4A31-8228-B8033E294947}
	EndGlobalSection
EndGlobal
